
Microsoft Visual Studio Solution File, Format Version 12.00
# Visual Studio Version 16
VisualStudioVersion = 16.0.30413.136
MinimumVisualStudioVersion = 10.0.40219.1
Project("{FAE04EC0-301F-11D3-BF4B-00C04F79EFBC}") = "TrackerLibrary", "TrackerLibrary\TrackerLibrary.csproj", "{CF0565D1-5FD4-45D3-A5CA-89C2D20F2AED}"
EndProject
Project("{FAE04EC0-301F-11D3-BF4B-00C04F79EFBC}") = "TrackerUI", "TrackerUI\TrackerUI.csproj", "{8C178A44-4ACE-4154-BEAC-318E9B740C70}"
EndProject
Global
	GlobalSection(SolutionConfigurationPlatforms) = preSolution
		Debug|Any CPU = Debug|Any CPU
		Release|Any CPU = Release|Any CPU
	EndGlobalSection
	GlobalSection(ProjectConfigurationPlatforms) = postSolution
		{CF0565D1-5FD4-45D3-A5CA-89C2D20F2AED}.Debug|Any CPU.ActiveCfg = Debug|Any CPU
		{CF0565D1-5FD4-45D3-A5CA-89C2D20F2AED}.Debug|Any CPU.Build.0 = Debug|Any CPU
		{CF0565D1-5FD4-45D3-A5CA-89C2D20F2AED}.Release|Any CPU.ActiveCfg = Release|Any CPU
		{CF0565D1-5FD4-45D3-A5CA-89C2D20F2AED}.Release|Any CPU.Build.0 = Release|Any CPU
		{8C178A44-4ACE-4154-BEAC-318E9B740C70}.Debug|Any CPU.ActiveCfg = Debug|Any CPU
		{8C178A44-4ACE-4154-BEAC-318E9B740C70}.Debug|Any CPU.Build.0 = Debug|Any CPU
		{8C178A44-4ACE-4154-BEAC-318E9B740C70}.Release|Any CPU.ActiveCfg = Release|Any CPU
		{8C178A44-4ACE-4154-BEAC-318E9B740C70}.Release|Any CPU.Build.0 = Release|Any CPU
	EndGlobalSection
	GlobalSection(SolutionProperties) = preSolution
		HideSolutionNode = FALSE
	EndGlobalSection
	GlobalSection(ExtensibilityGlobals) = postSolution
		SolutionGuid = {52246917-900A-4F8C-9017-CE333F312563}
	EndGlobalSection
EndGlobal
